
Microsoft Visual Studio Solution File, Format Version 12.00
# Visual Studio Version 16
VisualStudioVersion = 16.0.29920.165
MinimumVisualStudioVersion = 10.0.40219.1
Project("{FAE04EC0-301F-11D3-BF4B-00C04F79EFBC}") = "CSharpIntermediateLloyd", "CSharpIntermediateLloyd\CSharpIntermediateLloyd.csproj", "{28AF41E3-C4E7-49C1-A7A9-5982CDFA84DB}"
EndProject
Global
	GlobalSection(SolutionConfigurationPlatforms) = preSolution
		Debug|Any CPU = Debug|Any CPU
		Release|Any CPU = Release|Any CPU
	EndGlobalSection
	GlobalSection(ProjectConfigurationPlatforms) = postSolution
		{28AF41E3-C4E7-49C1-A7A9-5982CDFA84DB}.Debug|Any CPU.ActiveCfg = Debug|Any CPU
		{28AF41E3-C4E7-49C1-A7A9-5982CDFA84DB}.Debug|Any CPU.Build.0 = Debug|Any CPU
		{28AF41E3-C4E7-49C1-A7A9-5982CDFA84DB}.Release|Any CPU.ActiveCfg = Release|Any CPU
		{28AF41E3-C4E7-49C1-A7A9-5982CDFA84DB}.Release|Any CPU.Build.0 = Release|Any CPU
	EndGlobalSection
	GlobalSection(SolutionProperties) = preSolution
		HideSolutionNode = FALSE
	EndGlobalSection
	GlobalSection(ExtensibilityGlobals) = postSolution
		SolutionGuid = {65A3CDB5-9194-460F-92BC-66B5FB1181F2}
	EndGlobalSection
EndGlobal
